
Microsoft Visual Studio Solution File, Format Version 12.00
# Visual Studio Version 17
VisualStudioVersion = 17.11.35312.102
MinimumVisualStudioVersion = 10.0.40219.1
Project("{8BC9CEB8-8B4A-11D0-8D11-00A0C91BC942}") = "Задача 1", "Задача 1\Задача 1.vcxproj", "{98461BCD-EBD0-450B-BD0E-9104947056D2}"
EndProject
Project("{8BC9CEB8-8B4A-11D0-8D11-00A0C91BC942}") = "Задача 2", "Задача 2\Задача 2.vcxproj", "{87248092-D3B8-4262-8953-DA0A0D436BF0}"
EndProject
Project("{8BC9CEB8-8B4A-11D0-8D11-00A0C91BC942}") = "Задача 3", "Задача 3\Задача 3.vcxproj", "{89CFCCE5-4693-4C32-A184-E589075B53DC}"
EndProject
Project("{8BC9CEB8-8B4A-11D0-8D11-00A0C91BC942}") = "Задача 4", "Задача 4\Задача 4.vcxproj", "{FED1B9C3-05FE-4378-9A04-621F158C2318}"
EndProject
Project("{8BC9CEB8-8B4A-11D0-8D11-00A0C91BC942}") = "Задача 5", "Задача 5\Задача 5.vcxproj", "{8BD32426-4241-4F9A-900C-E6B4AD3785A1}"
EndProject
Project("{8BC9CEB8-8B4A-11D0-8D11-00A0C91BC942}") = "Задача 6", "Задача 6\Задача 6.vcxproj", "{BDFBE1BF-B296-4C1B-8542-EC3526BEFAB3}"
EndProject
Project("{8BC9CEB8-8B4A-11D0-8D11-00A0C91BC942}") = "Задача 7", "Задача 7\Задача 7.vcxproj", "{50D7D750-4A47-4622-90C9-0062E67F3700}"
EndProject
Project("{8BC9CEB8-8B4A-11D0-8D11-00A0C91BC942}") = "Задача 8", "Задача 8\Задача 8.vcxproj", "{9A9C0CC2-AFD3-458B-BBF2-7C48AD3D12FA}"
EndProject
Project("{8BC9CEB8-8B4A-11D0-8D11-00A0C91BC942}") = "Задача 9", "Задача 9\Задача 9.vcxproj", "{22628C4C-E26E-4499-BB95-3372FC30AB32}"
EndProject
Project("{8BC9CEB8-8B4A-11D0-8D11-00A0C91BC942}") = "Задача 10", "Задача 10\Задача 10.vcxproj", "{1870AF6B-A33A-4B6C-B007-CB6B80B958B5}"
EndProject
Project("{8BC9CEB8-8B4A-11D0-8D11-00A0C91BC942}") = "Задача 11", "Задача 11\Задача 11.vcxproj", "{838334FF-4ECF-4E25-B705-56F32FF7027E}"
EndProject
Project("{8BC9CEB8-8B4A-11D0-8D11-00A0C91BC942}") = "Задача 12", "Задача 12\Задача 12.vcxproj", "{7F508EC5-25D7-4A26-8A43-D61216DD4DC5}"
EndProject
Project("{8BC9CEB8-8B4A-11D0-8D11-00A0C91BC942}") = "Задача 13", "Задача 13\Задача 13.vcxproj", "{8D993F46-9B9C-448E-B814-78CC3C523AA0}"
EndProject
Project("{8BC9CEB8-8B4A-11D0-8D11-00A0C91BC942}") = "Задача 14", "Задача 14\Задача 14.vcxproj", "{3AC14732-E5DE-4A36-967F-BD8C34331688}"
EndProject
Project("{8BC9CEB8-8B4A-11D0-8D11-00A0C91BC942}") = "Задача 15", "Задача 15\Задача 15.vcxproj", "{0D1BA0C0-1029-42ED-AE7A-7520A4DFB107}"
EndProject
Project("{8BC9CEB8-8B4A-11D0-8D11-00A0C91BC942}") = "Задача 16", "Задача 16\Задача 16.vcxproj", "{CA31CA4D-3CB3-42C3-AAAF-A138A535EE3E}"
EndProject
Project("{8BC9CEB8-8B4A-11D0-8D11-00A0C91BC942}") = "Задача 17", "Задача 17\Задача 17.vcxproj", "{5EEEF950-A22B-473F-9438-9ECBAA98048D}"
EndProject
Global
	GlobalSection(SolutionConfigurationPlatforms) = preSolution
		Debug|x64 = Debug|x64
		Debug|x86 = Debug|x86
		Release|x64 = Release|x64
		Release|x86 = Release|x86
	EndGlobalSection
	GlobalSection(ProjectConfigurationPlatforms) = postSolution
		{98461BCD-EBD0-450B-BD0E-9104947056D2}.Debug|x64.ActiveCfg = Debug|x64
		{98461BCD-EBD0-450B-BD0E-9104947056D2}.Debug|x64.Build.0 = Debug|x64
		{98461BCD-EBD0-450B-BD0E-9104947056D2}.Debug|x86.ActiveCfg = Debug|Win32
		{98461BCD-EBD0-450B-BD0E-9104947056D2}.Debug|x86.Build.0 = Debug|Win32
		{98461BCD-EBD0-450B-BD0E-9104947056D2}.Release|x64.ActiveCfg = Release|x64
		{98461BCD-EBD0-450B-BD0E-9104947056D2}.Release|x64.Build.0 = Release|x64
		{98461BCD-EBD0-450B-BD0E-9104947056D2}.Release|x86.ActiveCfg = Release|Win32
		{98461BCD-EBD0-450B-BD0E-9104947056D2}.Release|x86.Build.0 = Release|Win32
		{87248092-D3B8-4262-8953-DA0A0D436BF0}.Debug|x64.ActiveCfg = Debug|x64
		{87248092-D3B8-4262-8953-DA0A0D436BF0}.Debug|x64.Build.0 = Debug|x64
		{87248092-D3B8-4262-8953-DA0A0D436BF0}.Debug|x86.ActiveCfg = Debug|Win32
		{87248092-D3B8-4262-8953-DA0A0D436BF0}.Debug|x86.Build.0 = Debug|Win32
		{87248092-D3B8-4262-8953-DA0A0D436BF0}.Release|x64.ActiveCfg = Release|x64
		{87248092-D3B8-4262-8953-DA0A0D436BF0}.Release|x64.Build.0 = Release|x64
		{87248092-D3B8-4262-8953-DA0A0D436BF0}.Release|x86.ActiveCfg = Release|Win32
		{87248092-D3B8-4262-8953-DA0A0D436BF0}.Release|x86.Build.0 = Release|Win32
		{89CFCCE5-4693-4C32-A184-E589075B53DC}.Debug|x64.ActiveCfg = Debug|x64
		{89CFCCE5-4693-4C32-A184-E589075B53DC}.Debug|x64.Build.0 = Debug|x64
		{89CFCCE5-4693-4C32-A184-E589075B53DC}.Debug|x86.ActiveCfg = Debug|Win32
		{89CFCCE5-4693-4C32-A184-E589075B53DC}.Debug|x86.Build.0 = Debug|Win32
		{89CFCCE5-4693-4C32-A184-E589075B53DC}.Release|x64.ActiveCfg = Release|x64
		{89CFCCE5-4693-4C32-A184-E589075B53DC}.Release|x64.Build.0 = Release|x64
		{89CFCCE5-4693-4C32-A184-E589075B53DC}.Release|x86.ActiveCfg = Release|Win32
		{89CFCCE5-4693-4C32-A184-E589075B53DC}.Release|x86.Build.0 = Release|Win32
		{FED1B9C3-05FE-4378-9A04-621F158C2318}.Debug|x64.ActiveCfg = Debug|x64
		{FED1B9C3-05FE-4378-9A04-621F158C2318}.Debug|x64.Build.0 = Debug|x64
		{FED1B9C3-05FE-4378-9A04-621F158C2318}.Debug|x86.ActiveCfg = Debug|Win32
		{FED1B9C3-05FE-4378-9A04-621F158C2318}.Debug|x86.Build.0 = Debug|Win32
		{FED1B9C3-05FE-4378-9A04-621F158C2318}.Release|x64.ActiveCfg = Release|x64
		{FED1B9C3-05FE-4378-9A04-621F158C2318}.Release|x64.Build.0 = Release|x64
		{FED1B9C3-05FE-4378-9A04-621F158C2318}.Release|x86.ActiveCfg = Release|Win32
		{FED1B9C3-05FE-4378-9A04-621F158C2318}.Release|x86.Build.0 = Release|Win32
		{8BD32426-4241-4F9A-900C-E6B4AD3785A1}.Debug|x64.ActiveCfg = Debug|x64
		{8BD32426-4241-4F9A-900C-E6B4AD3785A1}.Debug|x64.Build.0 = Debug|x64
		{8BD32426-4241-4F9A-900C-E6B4AD3785A1}.Debug|x86.ActiveCfg = Debug|Win32
		{8BD32426-4241-4F9A-900C-E6B4AD3785A1}.Debug|x86.Build.0 = Debug|Win32
		{8BD32426-4241-4F9A-900C-E6B4AD3785A1}.Release|x64.ActiveCfg = Release|x64
		{8BD32426-4241-4F9A-900C-E6B4AD3785A1}.Release|x64.Build.0 = Release|x64
		{8BD32426-4241-4F9A-900C-E6B4AD3785A1}.Release|x86.ActiveCfg = Release|Win32
		{8BD32426-4241-4F9A-900C-E6B4AD3785A1}.Release|x86.Build.0 = Release|Win32
		{BDFBE1BF-B296-4C1B-8542-EC3526BEFAB3}.Debug|x64.ActiveCfg = Debug|x64
		{BDFBE1BF-B296-4C1B-8542-EC3526BEFAB3}.Debug|x64.Build.0 = Debug|x64
		{BDFBE1BF-B296-4C1B-8542-EC3526BEFAB3}.Debug|x86.ActiveCfg = Debug|Win32
		{BDFBE1BF-B296-4C1B-8542-EC3526BEFAB3}.Debug|x86.Build.0 = Debug|Win32
		{BDFBE1BF-B296-4C1B-8542-EC3526BEFAB3}.Release|x64.ActiveCfg = Release|x64
		{BDFBE1BF-B296-4C1B-8542-EC3526BEFAB3}.Release|x64.Build.0 = Release|x64
		{BDFBE1BF-B296-4C1B-8542-EC3526BEFAB3}.Release|x86.ActiveCfg = Release|Win32
		{BDFBE1BF-B296-4C1B-8542-EC3526BEFAB3}.Release|x86.Build.0 = Release|Win32
		{50D7D750-4A47-4622-90C9-0062E67F3700}.Debug|x64.ActiveCfg = Debug|x64
		{50D7D750-4A47-4622-90C9-0062E67F3700}.Debug|x64.Build.0 = Debug|x64
		{50D7D750-4A47-4622-90C9-0062E67F3700}.Debug|x86.ActiveCfg = Debug|Win32
		{50D7D750-4A47-4622-90C9-0062E67F3700}.Debug|x86.Build.0 = Debug|Win32
		{50D7D750-4A47-4622-90C9-0062E67F3700}.Release|x64.ActiveCfg = Release|x64
		{50D7D750-4A47-4622-90C9-0062E67F3700}.Release|x64.Build.0 = Release|x64
		{50D7D750-4A47-4622-90C9-0062E67F3700}.Release|x86.ActiveCfg = Release|Win32
		{50D7D750-4A47-4622-90C9-0062E67F3700}.Release|x86.Build.0 = Release|Win32
		{9A9C0CC2-AFD3-458B-BBF2-7C48AD3D12FA}.Debug|x64.ActiveCfg = Debug|x64
		{9A9C0CC2-AFD3-458B-BBF2-7C48AD3D12FA}.Debug|x64.Build.0 = Debug|x64
		{9A9C0CC2-AFD3-458B-BBF2-7C48AD3D12FA}.Debug|x86.ActiveCfg = Debug|Win32
		{9A9C0CC2-AFD3-458B-BBF2-7C48AD3D12FA}.Debug|x86.Build.0 = Debug|Win32
		{9A9C0CC2-AFD3-458B-BBF2-7C48AD3D12FA}.Release|x64.ActiveCfg = Release|x64
		{9A9C0CC2-AFD3-458B-BBF2-7C48AD3D12FA}.Release|x64.Build.0 = Release|x64
		{9A9C0CC2-AFD3-458B-BBF2-7C48AD3D12FA}.Release|x86.ActiveCfg = Release|Win32
		{9A9C0CC2-AFD3-458B-BBF2-7C48AD3D12FA}.Release|x86.Build.0 = Release|Win32
		{22628C4C-E26E-4499-BB95-3372FC30AB32}.Debug|x64.ActiveCfg = Debug|x64
		{22628C4C-E26E-4499-BB95-3372FC30AB32}.Debug|x64.Build.0 = Debug|x64
		{22628C4C-E26E-4499-BB95-3372FC30AB32}.Debug|x86.ActiveCfg = Debug|Win32
		{22628C4C-E26E-4499-BB95-3372FC30AB32}.Debug|x86.Build.0 = Debug|Win32
		{22628C4C-E26E-4499-BB95-3372FC30AB32}.Release|x64.ActiveCfg = Release|x64
		{22628C4C-E26E-4499-BB95-3372FC30AB32}.Release|x64.Build.0 = Release|x64
		{22628C4C-E26E-4499-BB95-3372FC30AB32}.Release|x86.ActiveCfg = Release|Win32
		{22628C4C-E26E-4499-BB95-3372FC30AB32}.Release|x86.Build.0 = Release|Win32
		{1870AF6B-A33A-4B6C-B007-CB6B80B958B5}.Debug|x64.ActiveCfg = Debug|x64
		{1870AF6B-A33A-4B6C-B007-CB6B80B958B5}.Debug|x64.Build.0 = Debug|x64
		{1870AF6B-A33A-4B6C-B007-CB6B80B958B5}.Debug|x86.ActiveCfg = Debug|Win32
		{1870AF6B-A33A-4B6C-B007-CB6B80B958B5}.Debug|x86.Build.0 = Debug|Win32
		{1870AF6B-A33A-4B6C-B007-CB6B80B958B5}.Release|x64.ActiveCfg = Release|x64
		{1870AF6B-A33A-4B6C-B007-CB6B80B958B5}.Release|x64.Build.0 = Release|x64
		{1870AF6B-A33A-4B6C-B007-CB6B80B958B5}.Release|x86.ActiveCfg = Release|Win32
		{1870AF6B-A33A-4B6C-B007-CB6B80B958B5}.Release|x86.Build.0 = Release|Win32
		{838334FF-4ECF-4E25-B705-56F32FF7027E}.Debug|x64.ActiveCfg = Debug|x64
		{838334FF-4ECF-4E25-B705-56F32FF7027E}.Debug|x64.Build.0 = Debug|x64
		{838334FF-4ECF-4E25-B705-56F32FF7027E}.Debug|x86.ActiveCfg = Debug|Win32
		{838334FF-4ECF-4E25-B705-56F32FF7027E}.Debug|x86.Build.0 = Debug|Win32
		{838334FF-4ECF-4E25-B705-56F32FF7027E}.Release|x64.ActiveCfg = Release|x64
		{838334FF-4ECF-4E25-B705-56F32FF7027E}.Release|x64.Build.0 = Release|x64
		{838334FF-4ECF-4E25-B705-56F32FF7027E}.Release|x86.ActiveCfg = Release|Win32
		{838334FF-4ECF-4E25-B705-56F32FF7027E}.Release|x86.Build.0 = Release|Win32
		{7F508EC5-25D7-4A26-8A43-D61216DD4DC5}.Debug|x64.ActiveCfg = Debug|x64
		{7F508EC5-25D7-4A26-8A43-D61216DD4DC5}.Debug|x64.Build.0 = Debug|x64
		{7F508EC5-25D7-4A26-8A43-D61216DD4DC5}.Debug|x86.ActiveCfg = Debug|Win32
		{7F508EC5-25D7-4A26-8A43-D61216DD4DC5}.Debug|x86.Build.0 = Debug|Win32
		{7F508EC5-25D7-4A26-8A43-D61216DD4DC5}.Release|x64.ActiveCfg = Release|x64
		{7F508EC5-25D7-4A26-8A43-D61216DD4DC5}.Release|x64.Build.0 = Release|x64
		{7F508EC5-25D7-4A26-8A43-D61216DD4DC5}.Release|x86.ActiveCfg = Release|Win32
		{7F508EC5-25D7-4A26-8A43-D61216DD4DC5}.Release|x86.Build.0 = Release|Win32
		{8D993F46-9B9C-448E-B814-78CC3C523AA0}.Debug|x64.ActiveCfg = Debug|x64
		{8D993F46-9B9C-448E-B814-78CC3C523AA0}.Debug|x64.Build.0 = Debug|x64
		{8D993F46-9B9C-448E-B814-78CC3C523AA0}.Debug|x86.ActiveCfg = Debug|Win32
		{8D993F46-9B9C-448E-B814-78CC3C523AA0}.Debug|x86.Build.0 = Debug|Win32
		{8D993F46-9B9C-448E-B814-78CC3C523AA0}.Release|x64.ActiveCfg = Release|x64
		{8D993F46-9B9C-448E-B814-78CC3C523AA0}.Release|x64.Build.0 = Release|x64
		{8D993F46-9B9C-448E-B814-78CC3C523AA0}.Release|x86.ActiveCfg = Release|Win32
		{8D993F46-9B9C-448E-B814-78CC3C523AA0}.Release|x86.Build.0 = Release|Win32
		{3AC14732-E5DE-4A36-967F-BD8C34331688}.Debug|x64.ActiveCfg = Debug|x64
		{3AC14732-E5DE-4A36-967F-BD8C34331688}.Debug|x64.Build.0 = Debug|x64
		{3AC14732-E5DE-4A36-967F-BD8C34331688}.Debug|x86.ActiveCfg = Debug|Win32
		{3AC14732-E5DE-4A36-967F-BD8C34331688}.Debug|x86.Build.0 = Debug|Win32
		{3AC14732-E5DE-4A36-967F-BD8C34331688}.Release|x64.ActiveCfg = Release|x64
		{3AC14732-E5DE-4A36-967F-BD8C34331688}.Release|x64.Build.0 = Release|x64
		{3AC14732-E5DE-4A36-967F-BD8C34331688}.Release|x86.ActiveCfg = Release|Win32
		{3AC14732-E5DE-4A36-967F-BD8C34331688}.Release|x86.Build.0 = Release|Win32
		{0D1BA0C0-1029-42ED-AE7A-7520A4DFB107}.Debug|x64.ActiveCfg = Debug|x64
		{0D1BA0C0-1029-42ED-AE7A-7520A4DFB107}.Debug|x64.Build.0 = Debug|x64
		{0D1BA0C0-1029-42ED-AE7A-7520A4DFB107}.Debug|x86.ActiveCfg = Debug|Win32
		{0D1BA0C0-1029-42ED-AE7A-7520A4DFB107}.Debug|x86.Build.0 = Debug|Win32
		{0D1BA0C0-1029-42ED-AE7A-7520A4DFB107}.Release|x64.ActiveCfg = Release|x64
		{0D1BA0C0-1029-42ED-AE7A-7520A4DFB107}.Release|x64.Build.0 = Release|x64
		{0D1BA0C0-1029-42ED-AE7A-7520A4DFB107}.Release|x86.ActiveCfg = Release|Win32
		{0D1BA0C0-1029-42ED-AE7A-7520A4DFB107}.Release|x86.Build.0 = Release|Win32
		{CA31CA4D-3CB3-42C3-AAAF-A138A535EE3E}.Debug|x64.ActiveCfg = Debug|x64
		{CA31CA4D-3CB3-42C3-AAAF-A138A535EE3E}.Debug|x64.Build.0 = Debug|x64
		{CA31CA4D-3CB3-42C3-AAAF-A138A535EE3E}.Debug|x86.ActiveCfg = Debug|Win32
		{CA31CA4D-3CB3-42C3-AAAF-A138A535EE3E}.Debug|x86.Build.0 = Debug|Win32
		{CA31CA4D-3CB3-42C3-AAAF-A138A535EE3E}.Release|x64.ActiveCfg = Release|x64
		{CA31CA4D-3CB3-42C3-AAAF-A138A535EE3E}.Release|x64.Build.0 = Release|x64
		{CA31CA4D-3CB3-42C3-AAAF-A138A535EE3E}.Release|x86.ActiveCfg = Release|Win32
		{CA31CA4D-3CB3-42C3-AAAF-A138A535EE3E}.Release|x86.Build.0 = Release|Win32
		{5EEEF950-A22B-473F-9438-9ECBAA98048D}.Debug|x64.ActiveCfg = Debug|x64
		{5EEEF950-A22B-473F-9438-9ECBAA98048D}.Debug|x64.Build.0 = Debug|x64
		{5EEEF950-A22B-473F-9438-9ECBAA98048D}.Debug|x86.ActiveCfg = Debug|Win32
		{5EEEF950-A22B-473F-9438-9ECBAA98048D}.Debug|x86.Build.0 = Debug|Win32
		{5EEEF950-A22B-473F-9438-9ECBAA98048D}.Release|x64.ActiveCfg = Release|x64
		{5EEEF950-A22B-473F-9438-9ECBAA98048D}.Release|x64.Build.0 = Release|x64
		{5EEEF950-A22B-473F-9438-9ECBAA98048D}.Release|x86.ActiveCfg = Release|Win32
		{5EEEF950-A22B-473F-9438-9ECBAA98048D}.Release|x86.Build.0 = Release|Win32
	EndGlobalSection
	GlobalSection(SolutionProperties) = preSolution
		HideSolutionNode = FALSE
	EndGlobalSection
	GlobalSection(ExtensibilityGlobals) = postSolution
		SolutionGuid = {1D396F9B-D354-4841-BB76-2134643A7FB9}
	EndGlobalSection
EndGlobal
