
Microsoft Visual Studio Solution File, Format Version 12.00
# Visual Studio Version 17
VisualStudioVersion = 17.11.35312.102
MinimumVisualStudioVersion = 10.0.40219.1
Project("{8BC9CEB8-8B4A-11D0-8D11-00A0C91BC942}") = "Задача 1", "Задача 1\Задача 1.vcxproj", "{825D8FE1-C664-4C07-9392-D4593CD5684F}"
EndProject
Project("{8BC9CEB8-8B4A-11D0-8D11-00A0C91BC942}") = "Задача 2", "Задача 2\Задача 2.vcxproj", "{AD616F59-810D-4059-8803-8C3270288EAE}"
EndProject
Project("{8BC9CEB8-8B4A-11D0-8D11-00A0C91BC942}") = "Задача 3", "Задача 3\Задача 3.vcxproj", "{FC463088-3E62-4DB8-984C-01BE194A73FB}"
EndProject
Project("{8BC9CEB8-8B4A-11D0-8D11-00A0C91BC942}") = "Задача 4", "Задача 4\Задача 4.vcxproj", "{7DD6108F-42F6-4BAA-946E-47618A33FDEA}"
EndProject
Project("{8BC9CEB8-8B4A-11D0-8D11-00A0C91BC942}") = "Задача 5", "Задача 5\Задача 5.vcxproj", "{AD7B66EF-0F60-46F6-814C-9279E10DD14D}"
EndProject
Project("{8BC9CEB8-8B4A-11D0-8D11-00A0C91BC942}") = "Задача 6", "Задача 6\Задача 6.vcxproj", "{8D6E0544-A4FE-4212-AC39-A132438FE91F}"
EndProject
Project("{8BC9CEB8-8B4A-11D0-8D11-00A0C91BC942}") = "Задача 7", "Задача 7\Задача 7.vcxproj", "{B97E7ACC-0228-4B29-BD26-0D1694FABEDB}"
EndProject
Project("{8BC9CEB8-8B4A-11D0-8D11-00A0C91BC942}") = "Задача 8", "Задача 8\Задача 8.vcxproj", "{02F302C1-0474-47DC-8315-119FC26EBF9D}"
EndProject
Project("{8BC9CEB8-8B4A-11D0-8D11-00A0C91BC942}") = "Задача 9", "Задача 9\Задача 9.vcxproj", "{C3E912D3-79BF-4A8B-B0BA-EE9BD15D7A9F}"
EndProject
Project("{8BC9CEB8-8B4A-11D0-8D11-00A0C91BC942}") = "Задача 10", "Задача 10\Задача 10.vcxproj", "{98B2BF83-5721-4D93-BE22-24FC44D0DDAA}"
EndProject
Project("{8BC9CEB8-8B4A-11D0-8D11-00A0C91BC942}") = "Задача 11", "Задача 11\Задача 11.vcxproj", "{C8E9E0BD-88A2-482F-99DE-19D29A90FCA9}"
EndProject
Project("{8BC9CEB8-8B4A-11D0-8D11-00A0C91BC942}") = "Задача 12", "Задача 12\Задача 12.vcxproj", "{D765EA58-F426-4FD2-9F30-60A935555EC3}"
EndProject
Global
	GlobalSection(SolutionConfigurationPlatforms) = preSolution
		Debug|x64 = Debug|x64
		Debug|x86 = Debug|x86
		Release|x64 = Release|x64
		Release|x86 = Release|x86
	EndGlobalSection
	GlobalSection(ProjectConfigurationPlatforms) = postSolution
		{825D8FE1-C664-4C07-9392-D4593CD5684F}.Debug|x64.ActiveCfg = Debug|x64
		{825D8FE1-C664-4C07-9392-D4593CD5684F}.Debug|x64.Build.0 = Debug|x64
		{825D8FE1-C664-4C07-9392-D4593CD5684F}.Debug|x86.ActiveCfg = Debug|Win32
		{825D8FE1-C664-4C07-9392-D4593CD5684F}.Debug|x86.Build.0 = Debug|Win32
		{825D8FE1-C664-4C07-9392-D4593CD5684F}.Release|x64.ActiveCfg = Release|x64
		{825D8FE1-C664-4C07-9392-D4593CD5684F}.Release|x64.Build.0 = Release|x64
		{825D8FE1-C664-4C07-9392-D4593CD5684F}.Release|x86.ActiveCfg = Release|Win32
		{825D8FE1-C664-4C07-9392-D4593CD5684F}.Release|x86.Build.0 = Release|Win32
		{AD616F59-810D-4059-8803-8C3270288EAE}.Debug|x64.ActiveCfg = Debug|x64
		{AD616F59-810D-4059-8803-8C3270288EAE}.Debug|x64.Build.0 = Debug|x64
		{AD616F59-810D-4059-8803-8C3270288EAE}.Debug|x86.ActiveCfg = Debug|Win32
		{AD616F59-810D-4059-8803-8C3270288EAE}.Debug|x86.Build.0 = Debug|Win32
		{AD616F59-810D-4059-8803-8C3270288EAE}.Release|x64.ActiveCfg = Release|x64
		{AD616F59-810D-4059-8803-8C3270288EAE}.Release|x64.Build.0 = Release|x64
		{AD616F59-810D-4059-8803-8C3270288EAE}.Release|x86.ActiveCfg = Release|Win32
		{AD616F59-810D-4059-8803-8C3270288EAE}.Release|x86.Build.0 = Release|Win32
		{FC463088-3E62-4DB8-984C-01BE194A73FB}.Debug|x64.ActiveCfg = Debug|x64
		{FC463088-3E62-4DB8-984C-01BE194A73FB}.Debug|x64.Build.0 = Debug|x64
		{FC463088-3E62-4DB8-984C-01BE194A73FB}.Debug|x86.ActiveCfg = Debug|Win32
		{FC463088-3E62-4DB8-984C-01BE194A73FB}.Debug|x86.Build.0 = Debug|Win32
		{FC463088-3E62-4DB8-984C-01BE194A73FB}.Release|x64.ActiveCfg = Release|x64
		{FC463088-3E62-4DB8-984C-01BE194A73FB}.Release|x64.Build.0 = Release|x64
		{FC463088-3E62-4DB8-984C-01BE194A73FB}.Release|x86.ActiveCfg = Release|Win32
		{FC463088-3E62-4DB8-984C-01BE194A73FB}.Release|x86.Build.0 = Release|Win32
		{7DD6108F-42F6-4BAA-946E-47618A33FDEA}.Debug|x64.ActiveCfg = Debug|x64
		{7DD6108F-42F6-4BAA-946E-47618A33FDEA}.Debug|x64.Build.0 = Debug|x64
		{7DD6108F-42F6-4BAA-946E-47618A33FDEA}.Debug|x86.ActiveCfg = Debug|Win32
		{7DD6108F-42F6-4BAA-946E-47618A33FDEA}.Debug|x86.Build.0 = Debug|Win32
		{7DD6108F-42F6-4BAA-946E-47618A33FDEA}.Release|x64.ActiveCfg = Release|x64
		{7DD6108F-42F6-4BAA-946E-47618A33FDEA}.Release|x64.Build.0 = Release|x64
		{7DD6108F-42F6-4BAA-946E-47618A33FDEA}.Release|x86.ActiveCfg = Release|Win32
		{7DD6108F-42F6-4BAA-946E-47618A33FDEA}.Release|x86.Build.0 = Release|Win32
		{AD7B66EF-0F60-46F6-814C-9279E10DD14D}.Debug|x64.ActiveCfg = Debug|x64
		{AD7B66EF-0F60-46F6-814C-9279E10DD14D}.Debug|x64.Build.0 = Debug|x64
		{AD7B66EF-0F60-46F6-814C-9279E10DD14D}.Debug|x86.ActiveCfg = Debug|Win32
		{AD7B66EF-0F60-46F6-814C-9279E10DD14D}.Debug|x86.Build.0 = Debug|Win32
		{AD7B66EF-0F60-46F6-814C-9279E10DD14D}.Release|x64.ActiveCfg = Release|x64
		{AD7B66EF-0F60-46F6-814C-9279E10DD14D}.Release|x64.Build.0 = Release|x64
		{AD7B66EF-0F60-46F6-814C-9279E10DD14D}.Release|x86.ActiveCfg = Release|Win32
		{AD7B66EF-0F60-46F6-814C-9279E10DD14D}.Release|x86.Build.0 = Release|Win32
		{8D6E0544-A4FE-4212-AC39-A132438FE91F}.Debug|x64.ActiveCfg = Debug|x64
		{8D6E0544-A4FE-4212-AC39-A132438FE91F}.Debug|x64.Build.0 = Debug|x64
		{8D6E0544-A4FE-4212-AC39-A132438FE91F}.Debug|x86.ActiveCfg = Debug|Win32
		{8D6E0544-A4FE-4212-AC39-A132438FE91F}.Debug|x86.Build.0 = Debug|Win32
		{8D6E0544-A4FE-4212-AC39-A132438FE91F}.Release|x64.ActiveCfg = Release|x64
		{8D6E0544-A4FE-4212-AC39-A132438FE91F}.Release|x64.Build.0 = Release|x64
		{8D6E0544-A4FE-4212-AC39-A132438FE91F}.Release|x86.ActiveCfg = Release|Win32
		{8D6E0544-A4FE-4212-AC39-A132438FE91F}.Release|x86.Build.0 = Release|Win32
		{B97E7ACC-0228-4B29-BD26-0D1694FABEDB}.Debug|x64.ActiveCfg = Debug|x64
		{B97E7ACC-0228-4B29-BD26-0D1694FABEDB}.Debug|x64.Build.0 = Debug|x64
		{B97E7ACC-0228-4B29-BD26-0D1694FABEDB}.Debug|x86.ActiveCfg = Debug|Win32
		{B97E7ACC-0228-4B29-BD26-0D1694FABEDB}.Debug|x86.Build.0 = Debug|Win32
		{B97E7ACC-0228-4B29-BD26-0D1694FABEDB}.Release|x64.ActiveCfg = Release|x64
		{B97E7ACC-0228-4B29-BD26-0D1694FABEDB}.Release|x64.Build.0 = Release|x64
		{B97E7ACC-0228-4B29-BD26-0D1694FABEDB}.Release|x86.ActiveCfg = Release|Win32
		{B97E7ACC-0228-4B29-BD26-0D1694FABEDB}.Release|x86.Build.0 = Release|Win32
		{02F302C1-0474-47DC-8315-119FC26EBF9D}.Debug|x64.ActiveCfg = Debug|x64
		{02F302C1-0474-47DC-8315-119FC26EBF9D}.Debug|x64.Build.0 = Debug|x64
		{02F302C1-0474-47DC-8315-119FC26EBF9D}.Debug|x86.ActiveCfg = Debug|Win32
		{02F302C1-0474-47DC-8315-119FC26EBF9D}.Debug|x86.Build.0 = Debug|Win32
		{02F302C1-0474-47DC-8315-119FC26EBF9D}.Release|x64.ActiveCfg = Release|x64
		{02F302C1-0474-47DC-8315-119FC26EBF9D}.Release|x64.Build.0 = Release|x64
		{02F302C1-0474-47DC-8315-119FC26EBF9D}.Release|x86.ActiveCfg = Release|Win32
		{02F302C1-0474-47DC-8315-119FC26EBF9D}.Release|x86.Build.0 = Release|Win32
		{C3E912D3-79BF-4A8B-B0BA-EE9BD15D7A9F}.Debug|x64.ActiveCfg = Debug|x64
		{C3E912D3-79BF-4A8B-B0BA-EE9BD15D7A9F}.Debug|x64.Build.0 = Debug|x64
		{C3E912D3-79BF-4A8B-B0BA-EE9BD15D7A9F}.Debug|x86.ActiveCfg = Debug|Win32
		{C3E912D3-79BF-4A8B-B0BA-EE9BD15D7A9F}.Debug|x86.Build.0 = Debug|Win32
		{C3E912D3-79BF-4A8B-B0BA-EE9BD15D7A9F}.Release|x64.ActiveCfg = Release|x64
		{C3E912D3-79BF-4A8B-B0BA-EE9BD15D7A9F}.Release|x64.Build.0 = Release|x64
		{C3E912D3-79BF-4A8B-B0BA-EE9BD15D7A9F}.Release|x86.ActiveCfg = Release|Win32
		{C3E912D3-79BF-4A8B-B0BA-EE9BD15D7A9F}.Release|x86.Build.0 = Release|Win32
		{98B2BF83-5721-4D93-BE22-24FC44D0DDAA}.Debug|x64.ActiveCfg = Debug|x64
		{98B2BF83-5721-4D93-BE22-24FC44D0DDAA}.Debug|x64.Build.0 = Debug|x64
		{98B2BF83-5721-4D93-BE22-24FC44D0DDAA}.Debug|x86.ActiveCfg = Debug|Win32
		{98B2BF83-5721-4D93-BE22-24FC44D0DDAA}.Debug|x86.Build.0 = Debug|Win32
		{98B2BF83-5721-4D93-BE22-24FC44D0DDAA}.Release|x64.ActiveCfg = Release|x64
		{98B2BF83-5721-4D93-BE22-24FC44D0DDAA}.Release|x64.Build.0 = Release|x64
		{98B2BF83-5721-4D93-BE22-24FC44D0DDAA}.Release|x86.ActiveCfg = Release|Win32
		{98B2BF83-5721-4D93-BE22-24FC44D0DDAA}.Release|x86.Build.0 = Release|Win32
		{C8E9E0BD-88A2-482F-99DE-19D29A90FCA9}.Debug|x64.ActiveCfg = Debug|x64
		{C8E9E0BD-88A2-482F-99DE-19D29A90FCA9}.Debug|x64.Build.0 = Debug|x64
		{C8E9E0BD-88A2-482F-99DE-19D29A90FCA9}.Debug|x86.ActiveCfg = Debug|Win32
		{C8E9E0BD-88A2-482F-99DE-19D29A90FCA9}.Debug|x86.Build.0 = Debug|Win32
		{C8E9E0BD-88A2-482F-99DE-19D29A90FCA9}.Release|x64.ActiveCfg = Release|x64
		{C8E9E0BD-88A2-482F-99DE-19D29A90FCA9}.Release|x64.Build.0 = Release|x64
		{C8E9E0BD-88A2-482F-99DE-19D29A90FCA9}.Release|x86.ActiveCfg = Release|Win32
		{C8E9E0BD-88A2-482F-99DE-19D29A90FCA9}.Release|x86.Build.0 = Release|Win32
		{D765EA58-F426-4FD2-9F30-60A935555EC3}.Debug|x64.ActiveCfg = Debug|x64
		{D765EA58-F426-4FD2-9F30-60A935555EC3}.Debug|x64.Build.0 = Debug|x64
		{D765EA58-F426-4FD2-9F30-60A935555EC3}.Debug|x86.ActiveCfg = Debug|Win32
		{D765EA58-F426-4FD2-9F30-60A935555EC3}.Debug|x86.Build.0 = Debug|Win32
		{D765EA58-F426-4FD2-9F30-60A935555EC3}.Release|x64.ActiveCfg = Release|x64
		{D765EA58-F426-4FD2-9F30-60A935555EC3}.Release|x64.Build.0 = Release|x64
		{D765EA58-F426-4FD2-9F30-60A935555EC3}.Release|x86.ActiveCfg = Release|Win32
		{D765EA58-F426-4FD2-9F30-60A935555EC3}.Release|x86.Build.0 = Release|Win32
	EndGlobalSection
	GlobalSection(SolutionProperties) = preSolution
		HideSolutionNode = FALSE
	EndGlobalSection
	GlobalSection(ExtensibilityGlobals) = postSolution
		SolutionGuid = {65CCB6CC-97CA-41E5-B27A-F7FDAB2A4283}
	EndGlobalSection
EndGlobal
