
Microsoft Visual Studio Solution File, Format Version 12.00
# Visual Studio Version 17
VisualStudioVersion = 17.8.34322.80
MinimumVisualStudioVersion = 10.0.40219.1
Project("{8BC9CEB8-8B4A-11D0-8D11-00A0C91BC942}") = "Task01", "Task01\Task01.vcxproj", "{BEA595B5-BC4F-4DE8-B9FC-91E214B2A05F}"
EndProject
Project("{8BC9CEB8-8B4A-11D0-8D11-00A0C91BC942}") = "Task02", "Task02\Task02.vcxproj", "{44B7FFA0-2105-4506-8D63-2E3ADB7F8839}"
EndProject
Project("{8BC9CEB8-8B4A-11D0-8D11-00A0C91BC942}") = "Task03", "Task03\Task03.vcxproj", "{8EA76D54-A12F-49CC-BD38-0CAC2A876FF4}"
EndProject
Project("{8BC9CEB8-8B4A-11D0-8D11-00A0C91BC942}") = "Task04", "Task04\Task04.vcxproj", "{1046DE12-98E2-4B46-A4E5-E1AB9846C12E}"
EndProject
Project("{8BC9CEB8-8B4A-11D0-8D11-00A0C91BC942}") = "Task05", "Task05\Task05.vcxproj", "{CF4AD231-E7AC-4A03-AF4E-A56F64FB8D9D}"
EndProject
Project("{8BC9CEB8-8B4A-11D0-8D11-00A0C91BC942}") = "Task06", "Task06\Task06.vcxproj", "{5EA3918F-33C0-4162-B396-460AA6C9AF5E}"
EndProject
Project("{8BC9CEB8-8B4A-11D0-8D11-00A0C91BC942}") = "Task07", "Task07\Task07.vcxproj", "{7B75D4FD-BB03-4044-81DD-49970E9FC9D3}"
EndProject
Project("{8BC9CEB8-8B4A-11D0-8D11-00A0C91BC942}") = "Task08", "Task08\Task08.vcxproj", "{B9745DF2-CFAB-4541-B80B-F35C60101631}"
EndProject
Project("{8BC9CEB8-8B4A-11D0-8D11-00A0C91BC942}") = "Task09", "Task09\Task09.vcxproj", "{91B883E2-8341-41D5-9B38-F3B6FBB57172}"
EndProject
Project("{8BC9CEB8-8B4A-11D0-8D11-00A0C91BC942}") = "Task10", "Task10\Task10.vcxproj", "{BD3FB96C-08DF-4E44-87D4-769B5CCC501C}"
EndProject
Project("{8BC9CEB8-8B4A-11D0-8D11-00A0C91BC942}") = "Task11", "Task11\Task11.vcxproj", "{F399B2D4-B56D-4944-A52D-E286A0E9D258}"
EndProject
Project("{8BC9CEB8-8B4A-11D0-8D11-00A0C91BC942}") = "Task12", "Task12\Task12.vcxproj", "{E8F95E14-7080-4C4D-9DAE-E17C73551B26}"
EndProject
Project("{8BC9CEB8-8B4A-11D0-8D11-00A0C91BC942}") = "Task13", "Task13\Task13.vcxproj", "{5C42FE02-5D0C-4ABD-80D3-F77A5E1A1367}"
EndProject
Project("{8BC9CEB8-8B4A-11D0-8D11-00A0C91BC942}") = "Task14", "Task14\Task14.vcxproj", "{7BD2D5B9-25E5-41A9-8643-3B473F20EC81}"
EndProject
Global
	GlobalSection(SolutionConfigurationPlatforms) = preSolution
		Debug|x64 = Debug|x64
		Debug|x86 = Debug|x86
		Release|x64 = Release|x64
		Release|x86 = Release|x86
	EndGlobalSection
	GlobalSection(ProjectConfigurationPlatforms) = postSolution
		{BEA595B5-BC4F-4DE8-B9FC-91E214B2A05F}.Debug|x64.ActiveCfg = Debug|x64
		{BEA595B5-BC4F-4DE8-B9FC-91E214B2A05F}.Debug|x64.Build.0 = Debug|x64
		{BEA595B5-BC4F-4DE8-B9FC-91E214B2A05F}.Debug|x86.ActiveCfg = Debug|Win32
		{BEA595B5-BC4F-4DE8-B9FC-91E214B2A05F}.Debug|x86.Build.0 = Debug|Win32
		{BEA595B5-BC4F-4DE8-B9FC-91E214B2A05F}.Release|x64.ActiveCfg = Release|x64
		{BEA595B5-BC4F-4DE8-B9FC-91E214B2A05F}.Release|x64.Build.0 = Release|x64
		{BEA595B5-BC4F-4DE8-B9FC-91E214B2A05F}.Release|x86.ActiveCfg = Release|Win32
		{BEA595B5-BC4F-4DE8-B9FC-91E214B2A05F}.Release|x86.Build.0 = Release|Win32
		{44B7FFA0-2105-4506-8D63-2E3ADB7F8839}.Debug|x64.ActiveCfg = Debug|x64
		{44B7FFA0-2105-4506-8D63-2E3ADB7F8839}.Debug|x64.Build.0 = Debug|x64
		{44B7FFA0-2105-4506-8D63-2E3ADB7F8839}.Debug|x86.ActiveCfg = Debug|Win32
		{44B7FFA0-2105-4506-8D63-2E3ADB7F8839}.Debug|x86.Build.0 = Debug|Win32
		{44B7FFA0-2105-4506-8D63-2E3ADB7F8839}.Release|x64.ActiveCfg = Release|x64
		{44B7FFA0-2105-4506-8D63-2E3ADB7F8839}.Release|x64.Build.0 = Release|x64
		{44B7FFA0-2105-4506-8D63-2E3ADB7F8839}.Release|x86.ActiveCfg = Release|Win32
		{44B7FFA0-2105-4506-8D63-2E3ADB7F8839}.Release|x86.Build.0 = Release|Win32
		{8EA76D54-A12F-49CC-BD38-0CAC2A876FF4}.Debug|x64.ActiveCfg = Debug|x64
		{8EA76D54-A12F-49CC-BD38-0CAC2A876FF4}.Debug|x64.Build.0 = Debug|x64
		{8EA76D54-A12F-49CC-BD38-0CAC2A876FF4}.Debug|x86.ActiveCfg = Debug|Win32
		{8EA76D54-A12F-49CC-BD38-0CAC2A876FF4}.Debug|x86.Build.0 = Debug|Win32
		{8EA76D54-A12F-49CC-BD38-0CAC2A876FF4}.Release|x64.ActiveCfg = Release|x64
		{8EA76D54-A12F-49CC-BD38-0CAC2A876FF4}.Release|x64.Build.0 = Release|x64
		{8EA76D54-A12F-49CC-BD38-0CAC2A876FF4}.Release|x86.ActiveCfg = Release|Win32
		{8EA76D54-A12F-49CC-BD38-0CAC2A876FF4}.Release|x86.Build.0 = Release|Win32
		{1046DE12-98E2-4B46-A4E5-E1AB9846C12E}.Debug|x64.ActiveCfg = Debug|x64
		{1046DE12-98E2-4B46-A4E5-E1AB9846C12E}.Debug|x64.Build.0 = Debug|x64
		{1046DE12-98E2-4B46-A4E5-E1AB9846C12E}.Debug|x86.ActiveCfg = Debug|Win32
		{1046DE12-98E2-4B46-A4E5-E1AB9846C12E}.Debug|x86.Build.0 = Debug|Win32
		{1046DE12-98E2-4B46-A4E5-E1AB9846C12E}.Release|x64.ActiveCfg = Release|x64
		{1046DE12-98E2-4B46-A4E5-E1AB9846C12E}.Release|x64.Build.0 = Release|x64
		{1046DE12-98E2-4B46-A4E5-E1AB9846C12E}.Release|x86.ActiveCfg = Release|Win32
		{1046DE12-98E2-4B46-A4E5-E1AB9846C12E}.Release|x86.Build.0 = Release|Win32
		{CF4AD231-E7AC-4A03-AF4E-A56F64FB8D9D}.Debug|x64.ActiveCfg = Debug|x64
		{CF4AD231-E7AC-4A03-AF4E-A56F64FB8D9D}.Debug|x64.Build.0 = Debug|x64
		{CF4AD231-E7AC-4A03-AF4E-A56F64FB8D9D}.Debug|x86.ActiveCfg = Debug|Win32
		{CF4AD231-E7AC-4A03-AF4E-A56F64FB8D9D}.Debug|x86.Build.0 = Debug|Win32
		{CF4AD231-E7AC-4A03-AF4E-A56F64FB8D9D}.Release|x64.ActiveCfg = Release|x64
		{CF4AD231-E7AC-4A03-AF4E-A56F64FB8D9D}.Release|x64.Build.0 = Release|x64
		{CF4AD231-E7AC-4A03-AF4E-A56F64FB8D9D}.Release|x86.ActiveCfg = Release|Win32
		{CF4AD231-E7AC-4A03-AF4E-A56F64FB8D9D}.Release|x86.Build.0 = Release|Win32
		{5EA3918F-33C0-4162-B396-460AA6C9AF5E}.Debug|x64.ActiveCfg = Debug|x64
		{5EA3918F-33C0-4162-B396-460AA6C9AF5E}.Debug|x64.Build.0 = Debug|x64
		{5EA3918F-33C0-4162-B396-460AA6C9AF5E}.Debug|x86.ActiveCfg = Debug|Win32
		{5EA3918F-33C0-4162-B396-460AA6C9AF5E}.Debug|x86.Build.0 = Debug|Win32
		{5EA3918F-33C0-4162-B396-460AA6C9AF5E}.Release|x64.ActiveCfg = Release|x64
		{5EA3918F-33C0-4162-B396-460AA6C9AF5E}.Release|x64.Build.0 = Release|x64
		{5EA3918F-33C0-4162-B396-460AA6C9AF5E}.Release|x86.ActiveCfg = Release|Win32
		{5EA3918F-33C0-4162-B396-460AA6C9AF5E}.Release|x86.Build.0 = Release|Win32
		{7B75D4FD-BB03-4044-81DD-49970E9FC9D3}.Debug|x64.ActiveCfg = Debug|x64
		{7B75D4FD-BB03-4044-81DD-49970E9FC9D3}.Debug|x64.Build.0 = Debug|x64
		{7B75D4FD-BB03-4044-81DD-49970E9FC9D3}.Debug|x86.ActiveCfg = Debug|Win32
		{7B75D4FD-BB03-4044-81DD-49970E9FC9D3}.Debug|x86.Build.0 = Debug|Win32
		{7B75D4FD-BB03-4044-81DD-49970E9FC9D3}.Release|x64.ActiveCfg = Release|x64
		{7B75D4FD-BB03-4044-81DD-49970E9FC9D3}.Release|x64.Build.0 = Release|x64
		{7B75D4FD-BB03-4044-81DD-49970E9FC9D3}.Release|x86.ActiveCfg = Release|Win32
		{7B75D4FD-BB03-4044-81DD-49970E9FC9D3}.Release|x86.Build.0 = Release|Win32
		{B9745DF2-CFAB-4541-B80B-F35C60101631}.Debug|x64.ActiveCfg = Debug|x64
		{B9745DF2-CFAB-4541-B80B-F35C60101631}.Debug|x64.Build.0 = Debug|x64
		{B9745DF2-CFAB-4541-B80B-F35C60101631}.Debug|x86.ActiveCfg = Debug|Win32
		{B9745DF2-CFAB-4541-B80B-F35C60101631}.Debug|x86.Build.0 = Debug|Win32
		{B9745DF2-CFAB-4541-B80B-F35C60101631}.Release|x64.ActiveCfg = Release|x64
		{B9745DF2-CFAB-4541-B80B-F35C60101631}.Release|x64.Build.0 = Release|x64
		{B9745DF2-CFAB-4541-B80B-F35C60101631}.Release|x86.ActiveCfg = Release|Win32
		{B9745DF2-CFAB-4541-B80B-F35C60101631}.Release|x86.Build.0 = Release|Win32
		{91B883E2-8341-41D5-9B38-F3B6FBB57172}.Debug|x64.ActiveCfg = Debug|x64
		{91B883E2-8341-41D5-9B38-F3B6FBB57172}.Debug|x64.Build.0 = Debug|x64
		{91B883E2-8341-41D5-9B38-F3B6FBB57172}.Debug|x86.ActiveCfg = Debug|Win32
		{91B883E2-8341-41D5-9B38-F3B6FBB57172}.Debug|x86.Build.0 = Debug|Win32
		{91B883E2-8341-41D5-9B38-F3B6FBB57172}.Release|x64.ActiveCfg = Release|x64
		{91B883E2-8341-41D5-9B38-F3B6FBB57172}.Release|x64.Build.0 = Release|x64
		{91B883E2-8341-41D5-9B38-F3B6FBB57172}.Release|x86.ActiveCfg = Release|Win32
		{91B883E2-8341-41D5-9B38-F3B6FBB57172}.Release|x86.Build.0 = Release|Win32
		{BD3FB96C-08DF-4E44-87D4-769B5CCC501C}.Debug|x64.ActiveCfg = Debug|x64
		{BD3FB96C-08DF-4E44-87D4-769B5CCC501C}.Debug|x64.Build.0 = Debug|x64
		{BD3FB96C-08DF-4E44-87D4-769B5CCC501C}.Debug|x86.ActiveCfg = Debug|Win32
		{BD3FB96C-08DF-4E44-87D4-769B5CCC501C}.Debug|x86.Build.0 = Debug|Win32
		{BD3FB96C-08DF-4E44-87D4-769B5CCC501C}.Release|x64.ActiveCfg = Release|x64
		{BD3FB96C-08DF-4E44-87D4-769B5CCC501C}.Release|x64.Build.0 = Release|x64
		{BD3FB96C-08DF-4E44-87D4-769B5CCC501C}.Release|x86.ActiveCfg = Release|Win32
		{BD3FB96C-08DF-4E44-87D4-769B5CCC501C}.Release|x86.Build.0 = Release|Win32
		{F399B2D4-B56D-4944-A52D-E286A0E9D258}.Debug|x64.ActiveCfg = Debug|x64
		{F399B2D4-B56D-4944-A52D-E286A0E9D258}.Debug|x64.Build.0 = Debug|x64
		{F399B2D4-B56D-4944-A52D-E286A0E9D258}.Debug|x86.ActiveCfg = Debug|Win32
		{F399B2D4-B56D-4944-A52D-E286A0E9D258}.Debug|x86.Build.0 = Debug|Win32
		{F399B2D4-B56D-4944-A52D-E286A0E9D258}.Release|x64.ActiveCfg = Release|x64
		{F399B2D4-B56D-4944-A52D-E286A0E9D258}.Release|x64.Build.0 = Release|x64
		{F399B2D4-B56D-4944-A52D-E286A0E9D258}.Release|x86.ActiveCfg = Release|Win32
		{F399B2D4-B56D-4944-A52D-E286A0E9D258}.Release|x86.Build.0 = Release|Win32
		{E8F95E14-7080-4C4D-9DAE-E17C73551B26}.Debug|x64.ActiveCfg = Debug|x64
		{E8F95E14-7080-4C4D-9DAE-E17C73551B26}.Debug|x64.Build.0 = Debug|x64
		{E8F95E14-7080-4C4D-9DAE-E17C73551B26}.Debug|x86.ActiveCfg = Debug|Win32
		{E8F95E14-7080-4C4D-9DAE-E17C73551B26}.Debug|x86.Build.0 = Debug|Win32
		{E8F95E14-7080-4C4D-9DAE-E17C73551B26}.Release|x64.ActiveCfg = Release|x64
		{E8F95E14-7080-4C4D-9DAE-E17C73551B26}.Release|x64.Build.0 = Release|x64
		{E8F95E14-7080-4C4D-9DAE-E17C73551B26}.Release|x86.ActiveCfg = Release|Win32
		{E8F95E14-7080-4C4D-9DAE-E17C73551B26}.Release|x86.Build.0 = Release|Win32
		{5C42FE02-5D0C-4ABD-80D3-F77A5E1A1367}.Debug|x64.ActiveCfg = Debug|x64
		{5C42FE02-5D0C-4ABD-80D3-F77A5E1A1367}.Debug|x64.Build.0 = Debug|x64
		{5C42FE02-5D0C-4ABD-80D3-F77A5E1A1367}.Debug|x86.ActiveCfg = Debug|Win32
		{5C42FE02-5D0C-4ABD-80D3-F77A5E1A1367}.Debug|x86.Build.0 = Debug|Win32
		{5C42FE02-5D0C-4ABD-80D3-F77A5E1A1367}.Release|x64.ActiveCfg = Release|x64
		{5C42FE02-5D0C-4ABD-80D3-F77A5E1A1367}.Release|x64.Build.0 = Release|x64
		{5C42FE02-5D0C-4ABD-80D3-F77A5E1A1367}.Release|x86.ActiveCfg = Release|Win32
		{5C42FE02-5D0C-4ABD-80D3-F77A5E1A1367}.Release|x86.Build.0 = Release|Win32
		{7BD2D5B9-25E5-41A9-8643-3B473F20EC81}.Debug|x64.ActiveCfg = Debug|x64
		{7BD2D5B9-25E5-41A9-8643-3B473F20EC81}.Debug|x64.Build.0 = Debug|x64
		{7BD2D5B9-25E5-41A9-8643-3B473F20EC81}.Debug|x86.ActiveCfg = Debug|Win32
		{7BD2D5B9-25E5-41A9-8643-3B473F20EC81}.Debug|x86.Build.0 = Debug|Win32
		{7BD2D5B9-25E5-41A9-8643-3B473F20EC81}.Release|x64.ActiveCfg = Release|x64
		{7BD2D5B9-25E5-41A9-8643-3B473F20EC81}.Release|x64.Build.0 = Release|x64
		{7BD2D5B9-25E5-41A9-8643-3B473F20EC81}.Release|x86.ActiveCfg = Release|Win32
		{7BD2D5B9-25E5-41A9-8643-3B473F20EC81}.Release|x86.Build.0 = Release|Win32
	EndGlobalSection
	GlobalSection(SolutionProperties) = preSolution
		HideSolutionNode = FALSE
	EndGlobalSection
	GlobalSection(ExtensibilityGlobals) = postSolution
		SolutionGuid = {2B4B6371-0276-472D-9625-774B6063D1D4}
	EndGlobalSection
EndGlobal
