
Microsoft Visual Studio Solution File, Format Version 12.00
# Visual Studio Version 17
VisualStudioVersion = 17.9.34723.18
MinimumVisualStudioVersion = 10.0.40219.1
Project("{8BC9CEB8-8B4A-11D0-8D11-00A0C91BC942}") = "Practice", "Practice\Practice.vcxproj", "{05EA0903-1C10-41E0-9AF2-A5922711C9F0}"
EndProject
Project("{8BC9CEB8-8B4A-11D0-8D11-00A0C91BC942}") = "SecondTask", "SecondTask\SecondTask.vcxproj", "{ECC20369-597D-4CE9-9501-837B70BDB751}"
EndProject
Project("{8BC9CEB8-8B4A-11D0-8D11-00A0C91BC942}") = "ThirdTask", "ThirdTask\ThirdTask.vcxproj", "{0570539B-7484-4811-844A-CB705EA8D60F}"
EndProject
Project("{8BC9CEB8-8B4A-11D0-8D11-00A0C91BC942}") = "FourthTask", "FourthTask\FourthTask.vcxproj", "{03E02CEB-94CB-4DF3-86CE-E7130B7AF18C}"
EndProject
Project("{8BC9CEB8-8B4A-11D0-8D11-00A0C91BC942}") = "FifthTask", "FifthTask\FifthTask.vcxproj", "{D62D3960-9B5C-4F35-B78B-EB80EB60F193}"
EndProject
Project("{8BC9CEB8-8B4A-11D0-8D11-00A0C91BC942}") = "SixthTask", "SixthTask\SixthTask.vcxproj", "{BCD4EAF0-BB6C-43AD-80E7-434D33EF330E}"
EndProject
Project("{8BC9CEB8-8B4A-11D0-8D11-00A0C91BC942}") = "SeventhTask", "SeventhTask\SeventhTask.vcxproj", "{BC652CB1-233B-422E-8552-23886174A738}"
EndProject
Project("{8BC9CEB8-8B4A-11D0-8D11-00A0C91BC942}") = "EightTask", "EightTask\EightTask.vcxproj", "{D5833477-22B5-4831-9E77-E148835E5A5E}"
EndProject
Project("{8BC9CEB8-8B4A-11D0-8D11-00A0C91BC942}") = "NinthTask", "NinthTask\NinthTask.vcxproj", "{BE72D83B-7EA9-46FA-A6E6-94B7006C2DB4}"
EndProject
Project("{8BC9CEB8-8B4A-11D0-8D11-00A0C91BC942}") = "TenthTask", "TenthTask\TenthTask.vcxproj", "{05DA46F7-F292-40CD-96A0-2512ECF0536C}"
EndProject
Project("{8BC9CEB8-8B4A-11D0-8D11-00A0C91BC942}") = "EleventhTask", "EleventhTask\EleventhTask.vcxproj", "{F4943471-DEE1-465B-AD86-F97006918C98}"
EndProject
Project("{8BC9CEB8-8B4A-11D0-8D11-00A0C91BC942}") = "TwelfthTask", "TwelfthTask\TwelfthTask.vcxproj", "{E0CCBDD9-C62F-4E5B-8A9C-873EEA2E3800}"
EndProject
Project("{8BC9CEB8-8B4A-11D0-8D11-00A0C91BC942}") = "ThirteenthTask", "ThirteenthTask\ThirteenthTask.vcxproj", "{BCFD3526-E89D-40B0-A9C1-99B310B77C76}"
EndProject
Global
	GlobalSection(SolutionConfigurationPlatforms) = preSolution
		Debug|x64 = Debug|x64
		Debug|x86 = Debug|x86
		Release|x64 = Release|x64
		Release|x86 = Release|x86
	EndGlobalSection
	GlobalSection(ProjectConfigurationPlatforms) = postSolution
		{05EA0903-1C10-41E0-9AF2-A5922711C9F0}.Debug|x64.ActiveCfg = Debug|x64
		{05EA0903-1C10-41E0-9AF2-A5922711C9F0}.Debug|x64.Build.0 = Debug|x64
		{05EA0903-1C10-41E0-9AF2-A5922711C9F0}.Debug|x86.ActiveCfg = Debug|Win32
		{05EA0903-1C10-41E0-9AF2-A5922711C9F0}.Debug|x86.Build.0 = Debug|Win32
		{05EA0903-1C10-41E0-9AF2-A5922711C9F0}.Release|x64.ActiveCfg = Release|x64
		{05EA0903-1C10-41E0-9AF2-A5922711C9F0}.Release|x64.Build.0 = Release|x64
		{05EA0903-1C10-41E0-9AF2-A5922711C9F0}.Release|x86.ActiveCfg = Release|Win32
		{05EA0903-1C10-41E0-9AF2-A5922711C9F0}.Release|x86.Build.0 = Release|Win32
		{ECC20369-597D-4CE9-9501-837B70BDB751}.Debug|x64.ActiveCfg = Debug|x64
		{ECC20369-597D-4CE9-9501-837B70BDB751}.Debug|x64.Build.0 = Debug|x64
		{ECC20369-597D-4CE9-9501-837B70BDB751}.Debug|x86.ActiveCfg = Debug|Win32
		{ECC20369-597D-4CE9-9501-837B70BDB751}.Debug|x86.Build.0 = Debug|Win32
		{ECC20369-597D-4CE9-9501-837B70BDB751}.Release|x64.ActiveCfg = Release|x64
		{ECC20369-597D-4CE9-9501-837B70BDB751}.Release|x64.Build.0 = Release|x64
		{ECC20369-597D-4CE9-9501-837B70BDB751}.Release|x86.ActiveCfg = Release|Win32
		{ECC20369-597D-4CE9-9501-837B70BDB751}.Release|x86.Build.0 = Release|Win32
		{0570539B-7484-4811-844A-CB705EA8D60F}.Debug|x64.ActiveCfg = Debug|x64
		{0570539B-7484-4811-844A-CB705EA8D60F}.Debug|x64.Build.0 = Debug|x64
		{0570539B-7484-4811-844A-CB705EA8D60F}.Debug|x86.ActiveCfg = Debug|Win32
		{0570539B-7484-4811-844A-CB705EA8D60F}.Debug|x86.Build.0 = Debug|Win32
		{0570539B-7484-4811-844A-CB705EA8D60F}.Release|x64.ActiveCfg = Release|x64
		{0570539B-7484-4811-844A-CB705EA8D60F}.Release|x64.Build.0 = Release|x64
		{0570539B-7484-4811-844A-CB705EA8D60F}.Release|x86.ActiveCfg = Release|Win32
		{0570539B-7484-4811-844A-CB705EA8D60F}.Release|x86.Build.0 = Release|Win32
		{03E02CEB-94CB-4DF3-86CE-E7130B7AF18C}.Debug|x64.ActiveCfg = Debug|x64
		{03E02CEB-94CB-4DF3-86CE-E7130B7AF18C}.Debug|x64.Build.0 = Debug|x64
		{03E02CEB-94CB-4DF3-86CE-E7130B7AF18C}.Debug|x86.ActiveCfg = Debug|Win32
		{03E02CEB-94CB-4DF3-86CE-E7130B7AF18C}.Debug|x86.Build.0 = Debug|Win32
		{03E02CEB-94CB-4DF3-86CE-E7130B7AF18C}.Release|x64.ActiveCfg = Release|x64
		{03E02CEB-94CB-4DF3-86CE-E7130B7AF18C}.Release|x64.Build.0 = Release|x64
		{03E02CEB-94CB-4DF3-86CE-E7130B7AF18C}.Release|x86.ActiveCfg = Release|Win32
		{03E02CEB-94CB-4DF3-86CE-E7130B7AF18C}.Release|x86.Build.0 = Release|Win32
		{D62D3960-9B5C-4F35-B78B-EB80EB60F193}.Debug|x64.ActiveCfg = Debug|x64
		{D62D3960-9B5C-4F35-B78B-EB80EB60F193}.Debug|x64.Build.0 = Debug|x64
		{D62D3960-9B5C-4F35-B78B-EB80EB60F193}.Debug|x86.ActiveCfg = Debug|Win32
		{D62D3960-9B5C-4F35-B78B-EB80EB60F193}.Debug|x86.Build.0 = Debug|Win32
		{D62D3960-9B5C-4F35-B78B-EB80EB60F193}.Release|x64.ActiveCfg = Release|x64
		{D62D3960-9B5C-4F35-B78B-EB80EB60F193}.Release|x64.Build.0 = Release|x64
		{D62D3960-9B5C-4F35-B78B-EB80EB60F193}.Release|x86.ActiveCfg = Release|Win32
		{D62D3960-9B5C-4F35-B78B-EB80EB60F193}.Release|x86.Build.0 = Release|Win32
		{BCD4EAF0-BB6C-43AD-80E7-434D33EF330E}.Debug|x64.ActiveCfg = Debug|x64
		{BCD4EAF0-BB6C-43AD-80E7-434D33EF330E}.Debug|x64.Build.0 = Debug|x64
		{BCD4EAF0-BB6C-43AD-80E7-434D33EF330E}.Debug|x86.ActiveCfg = Debug|Win32
		{BCD4EAF0-BB6C-43AD-80E7-434D33EF330E}.Debug|x86.Build.0 = Debug|Win32
		{BCD4EAF0-BB6C-43AD-80E7-434D33EF330E}.Release|x64.ActiveCfg = Release|x64
		{BCD4EAF0-BB6C-43AD-80E7-434D33EF330E}.Release|x64.Build.0 = Release|x64
		{BCD4EAF0-BB6C-43AD-80E7-434D33EF330E}.Release|x86.ActiveCfg = Release|Win32
		{BCD4EAF0-BB6C-43AD-80E7-434D33EF330E}.Release|x86.Build.0 = Release|Win32
		{BC652CB1-233B-422E-8552-23886174A738}.Debug|x64.ActiveCfg = Debug|x64
		{BC652CB1-233B-422E-8552-23886174A738}.Debug|x64.Build.0 = Debug|x64
		{BC652CB1-233B-422E-8552-23886174A738}.Debug|x86.ActiveCfg = Debug|Win32
		{BC652CB1-233B-422E-8552-23886174A738}.Debug|x86.Build.0 = Debug|Win32
		{BC652CB1-233B-422E-8552-23886174A738}.Release|x64.ActiveCfg = Release|x64
		{BC652CB1-233B-422E-8552-23886174A738}.Release|x64.Build.0 = Release|x64
		{BC652CB1-233B-422E-8552-23886174A738}.Release|x86.ActiveCfg = Release|Win32
		{BC652CB1-233B-422E-8552-23886174A738}.Release|x86.Build.0 = Release|Win32
		{D5833477-22B5-4831-9E77-E148835E5A5E}.Debug|x64.ActiveCfg = Debug|x64
		{D5833477-22B5-4831-9E77-E148835E5A5E}.Debug|x64.Build.0 = Debug|x64
		{D5833477-22B5-4831-9E77-E148835E5A5E}.Debug|x86.ActiveCfg = Debug|Win32
		{D5833477-22B5-4831-9E77-E148835E5A5E}.Debug|x86.Build.0 = Debug|Win32
		{D5833477-22B5-4831-9E77-E148835E5A5E}.Release|x64.ActiveCfg = Release|x64
		{D5833477-22B5-4831-9E77-E148835E5A5E}.Release|x64.Build.0 = Release|x64
		{D5833477-22B5-4831-9E77-E148835E5A5E}.Release|x86.ActiveCfg = Release|Win32
		{D5833477-22B5-4831-9E77-E148835E5A5E}.Release|x86.Build.0 = Release|Win32
		{BE72D83B-7EA9-46FA-A6E6-94B7006C2DB4}.Debug|x64.ActiveCfg = Debug|x64
		{BE72D83B-7EA9-46FA-A6E6-94B7006C2DB4}.Debug|x64.Build.0 = Debug|x64
		{BE72D83B-7EA9-46FA-A6E6-94B7006C2DB4}.Debug|x86.ActiveCfg = Debug|Win32
		{BE72D83B-7EA9-46FA-A6E6-94B7006C2DB4}.Debug|x86.Build.0 = Debug|Win32
		{BE72D83B-7EA9-46FA-A6E6-94B7006C2DB4}.Release|x64.ActiveCfg = Release|x64
		{BE72D83B-7EA9-46FA-A6E6-94B7006C2DB4}.Release|x64.Build.0 = Release|x64
		{BE72D83B-7EA9-46FA-A6E6-94B7006C2DB4}.Release|x86.ActiveCfg = Release|Win32
		{BE72D83B-7EA9-46FA-A6E6-94B7006C2DB4}.Release|x86.Build.0 = Release|Win32
		{05DA46F7-F292-40CD-96A0-2512ECF0536C}.Debug|x64.ActiveCfg = Debug|x64
		{05DA46F7-F292-40CD-96A0-2512ECF0536C}.Debug|x64.Build.0 = Debug|x64
		{05DA46F7-F292-40CD-96A0-2512ECF0536C}.Debug|x86.ActiveCfg = Debug|Win32
		{05DA46F7-F292-40CD-96A0-2512ECF0536C}.Debug|x86.Build.0 = Debug|Win32
		{05DA46F7-F292-40CD-96A0-2512ECF0536C}.Release|x64.ActiveCfg = Release|x64
		{05DA46F7-F292-40CD-96A0-2512ECF0536C}.Release|x64.Build.0 = Release|x64
		{05DA46F7-F292-40CD-96A0-2512ECF0536C}.Release|x86.ActiveCfg = Release|Win32
		{05DA46F7-F292-40CD-96A0-2512ECF0536C}.Release|x86.Build.0 = Release|Win32
		{F4943471-DEE1-465B-AD86-F97006918C98}.Debug|x64.ActiveCfg = Debug|x64
		{F4943471-DEE1-465B-AD86-F97006918C98}.Debug|x64.Build.0 = Debug|x64
		{F4943471-DEE1-465B-AD86-F97006918C98}.Debug|x86.ActiveCfg = Debug|Win32
		{F4943471-DEE1-465B-AD86-F97006918C98}.Debug|x86.Build.0 = Debug|Win32
		{F4943471-DEE1-465B-AD86-F97006918C98}.Release|x64.ActiveCfg = Release|x64
		{F4943471-DEE1-465B-AD86-F97006918C98}.Release|x64.Build.0 = Release|x64
		{F4943471-DEE1-465B-AD86-F97006918C98}.Release|x86.ActiveCfg = Release|Win32
		{F4943471-DEE1-465B-AD86-F97006918C98}.Release|x86.Build.0 = Release|Win32
		{E0CCBDD9-C62F-4E5B-8A9C-873EEA2E3800}.Debug|x64.ActiveCfg = Debug|x64
		{E0CCBDD9-C62F-4E5B-8A9C-873EEA2E3800}.Debug|x64.Build.0 = Debug|x64
		{E0CCBDD9-C62F-4E5B-8A9C-873EEA2E3800}.Debug|x86.ActiveCfg = Debug|Win32
		{E0CCBDD9-C62F-4E5B-8A9C-873EEA2E3800}.Debug|x86.Build.0 = Debug|Win32
		{E0CCBDD9-C62F-4E5B-8A9C-873EEA2E3800}.Release|x64.ActiveCfg = Release|x64
		{E0CCBDD9-C62F-4E5B-8A9C-873EEA2E3800}.Release|x64.Build.0 = Release|x64
		{E0CCBDD9-C62F-4E5B-8A9C-873EEA2E3800}.Release|x86.ActiveCfg = Release|Win32
		{E0CCBDD9-C62F-4E5B-8A9C-873EEA2E3800}.Release|x86.Build.0 = Release|Win32
		{BCFD3526-E89D-40B0-A9C1-99B310B77C76}.Debug|x64.ActiveCfg = Debug|x64
		{BCFD3526-E89D-40B0-A9C1-99B310B77C76}.Debug|x64.Build.0 = Debug|x64
		{BCFD3526-E89D-40B0-A9C1-99B310B77C76}.Debug|x86.ActiveCfg = Debug|Win32
		{BCFD3526-E89D-40B0-A9C1-99B310B77C76}.Debug|x86.Build.0 = Debug|Win32
		{BCFD3526-E89D-40B0-A9C1-99B310B77C76}.Release|x64.ActiveCfg = Release|x64
		{BCFD3526-E89D-40B0-A9C1-99B310B77C76}.Release|x64.Build.0 = Release|x64
		{BCFD3526-E89D-40B0-A9C1-99B310B77C76}.Release|x86.ActiveCfg = Release|Win32
		{BCFD3526-E89D-40B0-A9C1-99B310B77C76}.Release|x86.Build.0 = Release|Win32
	EndGlobalSection
	GlobalSection(SolutionProperties) = preSolution
		HideSolutionNode = FALSE
	EndGlobalSection
	GlobalSection(ExtensibilityGlobals) = postSolution
		SolutionGuid = {7112D04C-3FD4-4CD0-B1F4-6C84E0613E51}
	EndGlobalSection
EndGlobal
