
Microsoft Visual Studio Solution File, Format Version 12.00
# Visual Studio Version 17
VisualStudioVersion = 17.9.34723.18
MinimumVisualStudioVersion = 10.0.40219.1
Project("{8BC9CEB8-8B4A-11D0-8D11-00A0C91BC942}") = "FirstTask", "FirstTask\FirstTask.vcxproj", "{EEFC961D-96AE-418C-B9E7-25C53A2B25DC}"
EndProject
Project("{8BC9CEB8-8B4A-11D0-8D11-00A0C91BC942}") = "SecondTask", "SecondTask\SecondTask.vcxproj", "{05C2546C-6E62-41A9-A307-561940B5DC44}"
EndProject
Project("{8BC9CEB8-8B4A-11D0-8D11-00A0C91BC942}") = "ThirdTask", "ThirdTask\ThirdTask.vcxproj", "{4F8F10B7-B813-4032-A2DF-56B679D7B652}"
EndProject
Project("{8BC9CEB8-8B4A-11D0-8D11-00A0C91BC942}") = "FourthTask", "FourthTask\FourthTask.vcxproj", "{6DABEA36-F34A-46C6-A86D-81E456A42F1C}"
EndProject
Project("{8BC9CEB8-8B4A-11D0-8D11-00A0C91BC942}") = "FifthTask", "FifthTask\FifthTask.vcxproj", "{78B9D440-1AAE-404F-97A4-2EB71576E314}"
EndProject
Project("{8BC9CEB8-8B4A-11D0-8D11-00A0C91BC942}") = "SixthTask", "SixthTask\SixthTask.vcxproj", "{CC102E27-3BB6-40A0-9FEE-800C62A8E2F0}"
EndProject
Project("{8BC9CEB8-8B4A-11D0-8D11-00A0C91BC942}") = "SeventhTask", "SeventhTask\SeventhTask.vcxproj", "{04E6E52C-23BE-4A1F-91DC-BFD7DAFBBCFE}"
EndProject
Project("{8BC9CEB8-8B4A-11D0-8D11-00A0C91BC942}") = "EightTask", "EightTask\EightTask.vcxproj", "{82EDA933-C178-4869-BCE4-A3D0A4BF4FAA}"
EndProject
Project("{8BC9CEB8-8B4A-11D0-8D11-00A0C91BC942}") = "TenthTask", "TenthTask\TenthTask.vcxproj", "{1E060E51-BD8F-4DDD-B923-7758C7AF6747}"
EndProject
Project("{8BC9CEB8-8B4A-11D0-8D11-00A0C91BC942}") = "EleventhTask", "EleventhTask\EleventhTask.vcxproj", "{C284600D-AA4C-4A0E-9768-7302AE82CA67}"
EndProject
Project("{8BC9CEB8-8B4A-11D0-8D11-00A0C91BC942}") = "TwelfthTask", "TwelfthTask\TwelfthTask.vcxproj", "{291AB34F-20A6-4120-8308-BE60B7116B60}"
EndProject
Project("{8BC9CEB8-8B4A-11D0-8D11-00A0C91BC942}") = "ThirteenthTask", "ThirteenthTask\ThirteenthTask.vcxproj", "{C643E58E-C60A-414F-B832-E1A7003B7377}"
EndProject
Project("{8BC9CEB8-8B4A-11D0-8D11-00A0C91BC942}") = "FourteenthTask", "FourteenthTask\FourteenthTask.vcxproj", "{749C59F6-26C5-469D-BBC6-7CCCE9ED12EF}"
EndProject
Project("{8BC9CEB8-8B4A-11D0-8D11-00A0C91BC942}") = "FifteenthTask", "FifteenthTask\FifteenthTask.vcxproj", "{E24A181F-5671-4CC4-87DF-0BC1F26B72AD}"
EndProject
Project("{8BC9CEB8-8B4A-11D0-8D11-00A0C91BC942}") = "SixteenthTask", "SixteenthTask\SixteenthTask.vcxproj", "{48AEA66D-1FDD-4786-855F-53431B991C9B}"
EndProject
Project("{8BC9CEB8-8B4A-11D0-8D11-00A0C91BC942}") = "Seventeenth", "Seventeenth\Seventeenth.vcxproj", "{E959D08B-5145-4B13-B0DC-0C77CE5EBF6A}"
EndProject
Project("{8BC9CEB8-8B4A-11D0-8D11-00A0C91BC942}") = "EighteenthTask", "EighteenthTask\EighteenthTask.vcxproj", "{D561544A-7327-4196-8BF6-3FB6F7C577F7}"
EndProject
Project("{8BC9CEB8-8B4A-11D0-8D11-00A0C91BC942}") = "NineteenthTask", "NineteenthTask\NineteenthTask.vcxproj", "{D99BDBC7-DFBB-4C31-BF73-B3A2B1852E0F}"
EndProject
Project("{8BC9CEB8-8B4A-11D0-8D11-00A0C91BC942}") = "TwentiethTask", "TwentiethTask\TwentiethTask.vcxproj", "{3E5229F8-F5DF-439C-BB2E-74683D3D7489}"
EndProject
Project("{8BC9CEB8-8B4A-11D0-8D11-00A0C91BC942}") = "TwentyFirstTask", "TwentyFirstTask\TwentyFirstTask.vcxproj", "{0FCD0D9A-3371-4E26-9B6E-A9926A604572}"
EndProject
Project("{8BC9CEB8-8B4A-11D0-8D11-00A0C91BC942}") = "TwentySecondTask", "TwentySecondTask\TwentySecondTask.vcxproj", "{47B14D46-3719-4CE7-8491-9C70FE6B9716}"
EndProject
Global
	GlobalSection(SolutionConfigurationPlatforms) = preSolution
		Debug|x64 = Debug|x64
		Debug|x86 = Debug|x86
		Release|x64 = Release|x64
		Release|x86 = Release|x86
	EndGlobalSection
	GlobalSection(ProjectConfigurationPlatforms) = postSolution
		{EEFC961D-96AE-418C-B9E7-25C53A2B25DC}.Debug|x64.ActiveCfg = Debug|x64
		{EEFC961D-96AE-418C-B9E7-25C53A2B25DC}.Debug|x64.Build.0 = Debug|x64
		{EEFC961D-96AE-418C-B9E7-25C53A2B25DC}.Debug|x86.ActiveCfg = Debug|Win32
		{EEFC961D-96AE-418C-B9E7-25C53A2B25DC}.Debug|x86.Build.0 = Debug|Win32
		{EEFC961D-96AE-418C-B9E7-25C53A2B25DC}.Release|x64.ActiveCfg = Release|x64
		{EEFC961D-96AE-418C-B9E7-25C53A2B25DC}.Release|x64.Build.0 = Release|x64
		{EEFC961D-96AE-418C-B9E7-25C53A2B25DC}.Release|x86.ActiveCfg = Release|Win32
		{EEFC961D-96AE-418C-B9E7-25C53A2B25DC}.Release|x86.Build.0 = Release|Win32
		{05C2546C-6E62-41A9-A307-561940B5DC44}.Debug|x64.ActiveCfg = Debug|x64
		{05C2546C-6E62-41A9-A307-561940B5DC44}.Debug|x64.Build.0 = Debug|x64
		{05C2546C-6E62-41A9-A307-561940B5DC44}.Debug|x86.ActiveCfg = Debug|Win32
		{05C2546C-6E62-41A9-A307-561940B5DC44}.Debug|x86.Build.0 = Debug|Win32
		{05C2546C-6E62-41A9-A307-561940B5DC44}.Release|x64.ActiveCfg = Release|x64
		{05C2546C-6E62-41A9-A307-561940B5DC44}.Release|x64.Build.0 = Release|x64
		{05C2546C-6E62-41A9-A307-561940B5DC44}.Release|x86.ActiveCfg = Release|Win32
		{05C2546C-6E62-41A9-A307-561940B5DC44}.Release|x86.Build.0 = Release|Win32
		{4F8F10B7-B813-4032-A2DF-56B679D7B652}.Debug|x64.ActiveCfg = Debug|x64
		{4F8F10B7-B813-4032-A2DF-56B679D7B652}.Debug|x64.Build.0 = Debug|x64
		{4F8F10B7-B813-4032-A2DF-56B679D7B652}.Debug|x86.ActiveCfg = Debug|Win32
		{4F8F10B7-B813-4032-A2DF-56B679D7B652}.Debug|x86.Build.0 = Debug|Win32
		{4F8F10B7-B813-4032-A2DF-56B679D7B652}.Release|x64.ActiveCfg = Release|x64
		{4F8F10B7-B813-4032-A2DF-56B679D7B652}.Release|x64.Build.0 = Release|x64
		{4F8F10B7-B813-4032-A2DF-56B679D7B652}.Release|x86.ActiveCfg = Release|Win32
		{4F8F10B7-B813-4032-A2DF-56B679D7B652}.Release|x86.Build.0 = Release|Win32
		{6DABEA36-F34A-46C6-A86D-81E456A42F1C}.Debug|x64.ActiveCfg = Debug|x64
		{6DABEA36-F34A-46C6-A86D-81E456A42F1C}.Debug|x64.Build.0 = Debug|x64
		{6DABEA36-F34A-46C6-A86D-81E456A42F1C}.Debug|x86.ActiveCfg = Debug|Win32
		{6DABEA36-F34A-46C6-A86D-81E456A42F1C}.Debug|x86.Build.0 = Debug|Win32
		{6DABEA36-F34A-46C6-A86D-81E456A42F1C}.Release|x64.ActiveCfg = Release|x64
		{6DABEA36-F34A-46C6-A86D-81E456A42F1C}.Release|x64.Build.0 = Release|x64
		{6DABEA36-F34A-46C6-A86D-81E456A42F1C}.Release|x86.ActiveCfg = Release|Win32
		{6DABEA36-F34A-46C6-A86D-81E456A42F1C}.Release|x86.Build.0 = Release|Win32
		{78B9D440-1AAE-404F-97A4-2EB71576E314}.Debug|x64.ActiveCfg = Debug|x64
		{78B9D440-1AAE-404F-97A4-2EB71576E314}.Debug|x64.Build.0 = Debug|x64
		{78B9D440-1AAE-404F-97A4-2EB71576E314}.Debug|x86.ActiveCfg = Debug|Win32
		{78B9D440-1AAE-404F-97A4-2EB71576E314}.Debug|x86.Build.0 = Debug|Win32
		{78B9D440-1AAE-404F-97A4-2EB71576E314}.Release|x64.ActiveCfg = Release|x64
		{78B9D440-1AAE-404F-97A4-2EB71576E314}.Release|x64.Build.0 = Release|x64
		{78B9D440-1AAE-404F-97A4-2EB71576E314}.Release|x86.ActiveCfg = Release|Win32
		{78B9D440-1AAE-404F-97A4-2EB71576E314}.Release|x86.Build.0 = Release|Win32
		{CC102E27-3BB6-40A0-9FEE-800C62A8E2F0}.Debug|x64.ActiveCfg = Debug|x64
		{CC102E27-3BB6-40A0-9FEE-800C62A8E2F0}.Debug|x64.Build.0 = Debug|x64
		{CC102E27-3BB6-40A0-9FEE-800C62A8E2F0}.Debug|x86.ActiveCfg = Debug|Win32
		{CC102E27-3BB6-40A0-9FEE-800C62A8E2F0}.Debug|x86.Build.0 = Debug|Win32
		{CC102E27-3BB6-40A0-9FEE-800C62A8E2F0}.Release|x64.ActiveCfg = Release|x64
		{CC102E27-3BB6-40A0-9FEE-800C62A8E2F0}.Release|x64.Build.0 = Release|x64
		{CC102E27-3BB6-40A0-9FEE-800C62A8E2F0}.Release|x86.ActiveCfg = Release|Win32
		{CC102E27-3BB6-40A0-9FEE-800C62A8E2F0}.Release|x86.Build.0 = Release|Win32
		{04E6E52C-23BE-4A1F-91DC-BFD7DAFBBCFE}.Debug|x64.ActiveCfg = Debug|x64
		{04E6E52C-23BE-4A1F-91DC-BFD7DAFBBCFE}.Debug|x64.Build.0 = Debug|x64
		{04E6E52C-23BE-4A1F-91DC-BFD7DAFBBCFE}.Debug|x86.ActiveCfg = Debug|Win32
		{04E6E52C-23BE-4A1F-91DC-BFD7DAFBBCFE}.Debug|x86.Build.0 = Debug|Win32
		{04E6E52C-23BE-4A1F-91DC-BFD7DAFBBCFE}.Release|x64.ActiveCfg = Release|x64
		{04E6E52C-23BE-4A1F-91DC-BFD7DAFBBCFE}.Release|x64.Build.0 = Release|x64
		{04E6E52C-23BE-4A1F-91DC-BFD7DAFBBCFE}.Release|x86.ActiveCfg = Release|Win32
		{04E6E52C-23BE-4A1F-91DC-BFD7DAFBBCFE}.Release|x86.Build.0 = Release|Win32
		{82EDA933-C178-4869-BCE4-A3D0A4BF4FAA}.Debug|x64.ActiveCfg = Debug|x64
		{82EDA933-C178-4869-BCE4-A3D0A4BF4FAA}.Debug|x64.Build.0 = Debug|x64
		{82EDA933-C178-4869-BCE4-A3D0A4BF4FAA}.Debug|x86.ActiveCfg = Debug|Win32
		{82EDA933-C178-4869-BCE4-A3D0A4BF4FAA}.Debug|x86.Build.0 = Debug|Win32
		{82EDA933-C178-4869-BCE4-A3D0A4BF4FAA}.Release|x64.ActiveCfg = Release|x64
		{82EDA933-C178-4869-BCE4-A3D0A4BF4FAA}.Release|x64.Build.0 = Release|x64
		{82EDA933-C178-4869-BCE4-A3D0A4BF4FAA}.Release|x86.ActiveCfg = Release|Win32
		{82EDA933-C178-4869-BCE4-A3D0A4BF4FAA}.Release|x86.Build.0 = Release|Win32
		{1E060E51-BD8F-4DDD-B923-7758C7AF6747}.Debug|x64.ActiveCfg = Debug|x64
		{1E060E51-BD8F-4DDD-B923-7758C7AF6747}.Debug|x64.Build.0 = Debug|x64
		{1E060E51-BD8F-4DDD-B923-7758C7AF6747}.Debug|x86.ActiveCfg = Debug|Win32
		{1E060E51-BD8F-4DDD-B923-7758C7AF6747}.Debug|x86.Build.0 = Debug|Win32
		{1E060E51-BD8F-4DDD-B923-7758C7AF6747}.Release|x64.ActiveCfg = Release|x64
		{1E060E51-BD8F-4DDD-B923-7758C7AF6747}.Release|x64.Build.0 = Release|x64
		{1E060E51-BD8F-4DDD-B923-7758C7AF6747}.Release|x86.ActiveCfg = Release|Win32
		{1E060E51-BD8F-4DDD-B923-7758C7AF6747}.Release|x86.Build.0 = Release|Win32
		{C284600D-AA4C-4A0E-9768-7302AE82CA67}.Debug|x64.ActiveCfg = Debug|x64
		{C284600D-AA4C-4A0E-9768-7302AE82CA67}.Debug|x64.Build.0 = Debug|x64
		{C284600D-AA4C-4A0E-9768-7302AE82CA67}.Debug|x86.ActiveCfg = Debug|Win32
		{C284600D-AA4C-4A0E-9768-7302AE82CA67}.Debug|x86.Build.0 = Debug|Win32
		{C284600D-AA4C-4A0E-9768-7302AE82CA67}.Release|x64.ActiveCfg = Release|x64
		{C284600D-AA4C-4A0E-9768-7302AE82CA67}.Release|x64.Build.0 = Release|x64
		{C284600D-AA4C-4A0E-9768-7302AE82CA67}.Release|x86.ActiveCfg = Release|Win32
		{C284600D-AA4C-4A0E-9768-7302AE82CA67}.Release|x86.Build.0 = Release|Win32
		{291AB34F-20A6-4120-8308-BE60B7116B60}.Debug|x64.ActiveCfg = Debug|x64
		{291AB34F-20A6-4120-8308-BE60B7116B60}.Debug|x64.Build.0 = Debug|x64
		{291AB34F-20A6-4120-8308-BE60B7116B60}.Debug|x86.ActiveCfg = Debug|Win32
		{291AB34F-20A6-4120-8308-BE60B7116B60}.Debug|x86.Build.0 = Debug|Win32
		{291AB34F-20A6-4120-8308-BE60B7116B60}.Release|x64.ActiveCfg = Release|x64
		{291AB34F-20A6-4120-8308-BE60B7116B60}.Release|x64.Build.0 = Release|x64
		{291AB34F-20A6-4120-8308-BE60B7116B60}.Release|x86.ActiveCfg = Release|Win32
		{291AB34F-20A6-4120-8308-BE60B7116B60}.Release|x86.Build.0 = Release|Win32
		{C643E58E-C60A-414F-B832-E1A7003B7377}.Debug|x64.ActiveCfg = Debug|x64
		{C643E58E-C60A-414F-B832-E1A7003B7377}.Debug|x64.Build.0 = Debug|x64
		{C643E58E-C60A-414F-B832-E1A7003B7377}.Debug|x86.ActiveCfg = Debug|Win32
		{C643E58E-C60A-414F-B832-E1A7003B7377}.Debug|x86.Build.0 = Debug|Win32
		{C643E58E-C60A-414F-B832-E1A7003B7377}.Release|x64.ActiveCfg = Release|x64
		{C643E58E-C60A-414F-B832-E1A7003B7377}.Release|x64.Build.0 = Release|x64
		{C643E58E-C60A-414F-B832-E1A7003B7377}.Release|x86.ActiveCfg = Release|Win32
		{C643E58E-C60A-414F-B832-E1A7003B7377}.Release|x86.Build.0 = Release|Win32
		{749C59F6-26C5-469D-BBC6-7CCCE9ED12EF}.Debug|x64.ActiveCfg = Debug|x64
		{749C59F6-26C5-469D-BBC6-7CCCE9ED12EF}.Debug|x64.Build.0 = Debug|x64
		{749C59F6-26C5-469D-BBC6-7CCCE9ED12EF}.Debug|x86.ActiveCfg = Debug|Win32
		{749C59F6-26C5-469D-BBC6-7CCCE9ED12EF}.Debug|x86.Build.0 = Debug|Win32
		{749C59F6-26C5-469D-BBC6-7CCCE9ED12EF}.Release|x64.ActiveCfg = Release|x64
		{749C59F6-26C5-469D-BBC6-7CCCE9ED12EF}.Release|x64.Build.0 = Release|x64
		{749C59F6-26C5-469D-BBC6-7CCCE9ED12EF}.Release|x86.ActiveCfg = Release|Win32
		{749C59F6-26C5-469D-BBC6-7CCCE9ED12EF}.Release|x86.Build.0 = Release|Win32
		{E24A181F-5671-4CC4-87DF-0BC1F26B72AD}.Debug|x64.ActiveCfg = Debug|x64
		{E24A181F-5671-4CC4-87DF-0BC1F26B72AD}.Debug|x64.Build.0 = Debug|x64
		{E24A181F-5671-4CC4-87DF-0BC1F26B72AD}.Debug|x86.ActiveCfg = Debug|Win32
		{E24A181F-5671-4CC4-87DF-0BC1F26B72AD}.Debug|x86.Build.0 = Debug|Win32
		{E24A181F-5671-4CC4-87DF-0BC1F26B72AD}.Release|x64.ActiveCfg = Release|x64
		{E24A181F-5671-4CC4-87DF-0BC1F26B72AD}.Release|x64.Build.0 = Release|x64
		{E24A181F-5671-4CC4-87DF-0BC1F26B72AD}.Release|x86.ActiveCfg = Release|Win32
		{E24A181F-5671-4CC4-87DF-0BC1F26B72AD}.Release|x86.Build.0 = Release|Win32
		{48AEA66D-1FDD-4786-855F-53431B991C9B}.Debug|x64.ActiveCfg = Debug|x64
		{48AEA66D-1FDD-4786-855F-53431B991C9B}.Debug|x64.Build.0 = Debug|x64
		{48AEA66D-1FDD-4786-855F-53431B991C9B}.Debug|x86.ActiveCfg = Debug|Win32
		{48AEA66D-1FDD-4786-855F-53431B991C9B}.Debug|x86.Build.0 = Debug|Win32
		{48AEA66D-1FDD-4786-855F-53431B991C9B}.Release|x64.ActiveCfg = Release|x64
		{48AEA66D-1FDD-4786-855F-53431B991C9B}.Release|x64.Build.0 = Release|x64
		{48AEA66D-1FDD-4786-855F-53431B991C9B}.Release|x86.ActiveCfg = Release|Win32
		{48AEA66D-1FDD-4786-855F-53431B991C9B}.Release|x86.Build.0 = Release|Win32
		{E959D08B-5145-4B13-B0DC-0C77CE5EBF6A}.Debug|x64.ActiveCfg = Debug|x64
		{E959D08B-5145-4B13-B0DC-0C77CE5EBF6A}.Debug|x64.Build.0 = Debug|x64
		{E959D08B-5145-4B13-B0DC-0C77CE5EBF6A}.Debug|x86.ActiveCfg = Debug|Win32
		{E959D08B-5145-4B13-B0DC-0C77CE5EBF6A}.Debug|x86.Build.0 = Debug|Win32
		{E959D08B-5145-4B13-B0DC-0C77CE5EBF6A}.Release|x64.ActiveCfg = Release|x64
		{E959D08B-5145-4B13-B0DC-0C77CE5EBF6A}.Release|x64.Build.0 = Release|x64
		{E959D08B-5145-4B13-B0DC-0C77CE5EBF6A}.Release|x86.ActiveCfg = Release|Win32
		{E959D08B-5145-4B13-B0DC-0C77CE5EBF6A}.Release|x86.Build.0 = Release|Win32
		{D561544A-7327-4196-8BF6-3FB6F7C577F7}.Debug|x64.ActiveCfg = Debug|x64
		{D561544A-7327-4196-8BF6-3FB6F7C577F7}.Debug|x64.Build.0 = Debug|x64
		{D561544A-7327-4196-8BF6-3FB6F7C577F7}.Debug|x86.ActiveCfg = Debug|Win32
		{D561544A-7327-4196-8BF6-3FB6F7C577F7}.Debug|x86.Build.0 = Debug|Win32
		{D561544A-7327-4196-8BF6-3FB6F7C577F7}.Release|x64.ActiveCfg = Release|x64
		{D561544A-7327-4196-8BF6-3FB6F7C577F7}.Release|x64.Build.0 = Release|x64
		{D561544A-7327-4196-8BF6-3FB6F7C577F7}.Release|x86.ActiveCfg = Release|Win32
		{D561544A-7327-4196-8BF6-3FB6F7C577F7}.Release|x86.Build.0 = Release|Win32
		{D99BDBC7-DFBB-4C31-BF73-B3A2B1852E0F}.Debug|x64.ActiveCfg = Debug|x64
		{D99BDBC7-DFBB-4C31-BF73-B3A2B1852E0F}.Debug|x64.Build.0 = Debug|x64
		{D99BDBC7-DFBB-4C31-BF73-B3A2B1852E0F}.Debug|x86.ActiveCfg = Debug|Win32
		{D99BDBC7-DFBB-4C31-BF73-B3A2B1852E0F}.Debug|x86.Build.0 = Debug|Win32
		{D99BDBC7-DFBB-4C31-BF73-B3A2B1852E0F}.Release|x64.ActiveCfg = Release|x64
		{D99BDBC7-DFBB-4C31-BF73-B3A2B1852E0F}.Release|x64.Build.0 = Release|x64
		{D99BDBC7-DFBB-4C31-BF73-B3A2B1852E0F}.Release|x86.ActiveCfg = Release|Win32
		{D99BDBC7-DFBB-4C31-BF73-B3A2B1852E0F}.Release|x86.Build.0 = Release|Win32
		{3E5229F8-F5DF-439C-BB2E-74683D3D7489}.Debug|x64.ActiveCfg = Debug|x64
		{3E5229F8-F5DF-439C-BB2E-74683D3D7489}.Debug|x64.Build.0 = Debug|x64
		{3E5229F8-F5DF-439C-BB2E-74683D3D7489}.Debug|x86.ActiveCfg = Debug|Win32
		{3E5229F8-F5DF-439C-BB2E-74683D3D7489}.Debug|x86.Build.0 = Debug|Win32
		{3E5229F8-F5DF-439C-BB2E-74683D3D7489}.Release|x64.ActiveCfg = Release|x64
		{3E5229F8-F5DF-439C-BB2E-74683D3D7489}.Release|x64.Build.0 = Release|x64
		{3E5229F8-F5DF-439C-BB2E-74683D3D7489}.Release|x86.ActiveCfg = Release|Win32
		{3E5229F8-F5DF-439C-BB2E-74683D3D7489}.Release|x86.Build.0 = Release|Win32
		{0FCD0D9A-3371-4E26-9B6E-A9926A604572}.Debug|x64.ActiveCfg = Debug|x64
		{0FCD0D9A-3371-4E26-9B6E-A9926A604572}.Debug|x64.Build.0 = Debug|x64
		{0FCD0D9A-3371-4E26-9B6E-A9926A604572}.Debug|x86.ActiveCfg = Debug|Win32
		{0FCD0D9A-3371-4E26-9B6E-A9926A604572}.Debug|x86.Build.0 = Debug|Win32
		{0FCD0D9A-3371-4E26-9B6E-A9926A604572}.Release|x64.ActiveCfg = Release|x64
		{0FCD0D9A-3371-4E26-9B6E-A9926A604572}.Release|x64.Build.0 = Release|x64
		{0FCD0D9A-3371-4E26-9B6E-A9926A604572}.Release|x86.ActiveCfg = Release|Win32
		{0FCD0D9A-3371-4E26-9B6E-A9926A604572}.Release|x86.Build.0 = Release|Win32
		{47B14D46-3719-4CE7-8491-9C70FE6B9716}.Debug|x64.ActiveCfg = Debug|x64
		{47B14D46-3719-4CE7-8491-9C70FE6B9716}.Debug|x64.Build.0 = Debug|x64
		{47B14D46-3719-4CE7-8491-9C70FE6B9716}.Debug|x86.ActiveCfg = Debug|Win32
		{47B14D46-3719-4CE7-8491-9C70FE6B9716}.Debug|x86.Build.0 = Debug|Win32
		{47B14D46-3719-4CE7-8491-9C70FE6B9716}.Release|x64.ActiveCfg = Release|x64
		{47B14D46-3719-4CE7-8491-9C70FE6B9716}.Release|x64.Build.0 = Release|x64
		{47B14D46-3719-4CE7-8491-9C70FE6B9716}.Release|x86.ActiveCfg = Release|Win32
		{47B14D46-3719-4CE7-8491-9C70FE6B9716}.Release|x86.Build.0 = Release|Win32
	EndGlobalSection
	GlobalSection(SolutionProperties) = preSolution
		HideSolutionNode = FALSE
	EndGlobalSection
	GlobalSection(ExtensibilityGlobals) = postSolution
		SolutionGuid = {EE1D177C-A897-4826-AF9C-711EA9B55DB6}
	EndGlobalSection
EndGlobal
